{
  "name": "test-service",
  "version": "1.0.0",
  "lockfileVersion": 1,
  "requires": true,
  "dependencies": {
    "serverless-sns-sqs-lambda": {
      "version": "0.0.8",
      "resolved": "https://registry.npmjs.org/serverless-sns-sqs-lambda/-/serverless-sns-sqs-lambda-0.0.8.tgz",
      "integrity": "sha512-s36wYuuLfarjCk9kr6OKeHr1SSsQaRwymGcXFRRuHO0ACsze+/tK0PVN9SNIKEH414VHkzD+DvDMEI8c22w4IA=="
    }
  }
}
